
Microsoft Visual Studio Solution File, Format Version 12.00
# Visual Studio Version 16
VisualStudioVersion = 16.0.29009.5
MinimumVisualStudioVersion = 10.0.40219.1
Project("{FAE04EC0-301F-11D3-BF4B-00C04F79EFBC}") = "Biblioteca_ASP", "Biblioteca_ASP\Biblioteca_ASP.csproj", "{58D0EE0A-B544-4518-9241-FAC1BEF6A47B}"
	ProjectSection(ProjectDependencies) = postProject
		{60F9BEA8-C09B-4644-BA27-C3CF4AFAE3EB} = {60F9BEA8-C09B-4644-BA27-C3CF4AFAE3EB}
		{1AC072EC-909B-45C4-9920-756B25E932CB} = {1AC072EC-909B-45C4-9920-756B25E932CB}
	EndProjectSection
EndProject
Project("{FAE04EC0-301F-11D3-BF4B-00C04F79EFBC}") = "DatosDAL", "Datos\DatosDAL.csproj", "{A476D06A-345D-47DD-94BE-AC96253C1E56}"
	ProjectSection(ProjectDependencies) = postProject
		{60F9BEA8-C09B-4644-BA27-C3CF4AFAE3EB} = {60F9BEA8-C09B-4644-BA27-C3CF4AFAE3EB}
	EndProjectSection
EndProject
Project("{FAE04EC0-301F-11D3-BF4B-00C04F79EFBC}") = "Negocio", "Negocio\Negocio.csproj", "{1AC072EC-909B-45C4-9920-756B25E932CB}"
	ProjectSection(ProjectDependencies) = postProject
		{A476D06A-345D-47DD-94BE-AC96253C1E56} = {A476D06A-345D-47DD-94BE-AC96253C1E56}
		{60F9BEA8-C09B-4644-BA27-C3CF4AFAE3EB} = {60F9BEA8-C09B-4644-BA27-C3CF4AFAE3EB}
	EndProjectSection
EndProject
Project("{FAE04EC0-301F-11D3-BF4B-00C04F79EFBC}") = "Entidad", "Entidad\Entidad.csproj", "{60F9BEA8-C09B-4644-BA27-C3CF4AFAE3EB}"
EndProject
Global
	GlobalSection(SolutionConfigurationPlatforms) = preSolution
		Debug|Any CPU = Debug|Any CPU
		Release|Any CPU = Release|Any CPU
	EndGlobalSection
	GlobalSection(ProjectConfigurationPlatforms) = postSolution
		{58D0EE0A-B544-4518-9241-FAC1BEF6A47B}.Debug|Any CPU.ActiveCfg = Debug|Any CPU
		{58D0EE0A-B544-4518-9241-FAC1BEF6A47B}.Debug|Any CPU.Build.0 = Debug|Any CPU
		{58D0EE0A-B544-4518-9241-FAC1BEF6A47B}.Release|Any CPU.ActiveCfg = Release|Any CPU
		{58D0EE0A-B544-4518-9241-FAC1BEF6A47B}.Release|Any CPU.Build.0 = Release|Any CPU
		{A476D06A-345D-47DD-94BE-AC96253C1E56}.Debug|Any CPU.ActiveCfg = Debug|Any CPU
		{A476D06A-345D-47DD-94BE-AC96253C1E56}.Debug|Any CPU.Build.0 = Debug|Any CPU
		{A476D06A-345D-47DD-94BE-AC96253C1E56}.Release|Any CPU.ActiveCfg = Release|Any CPU
		{A476D06A-345D-47DD-94BE-AC96253C1E56}.Release|Any CPU.Build.0 = Release|Any CPU
		{1AC072EC-909B-45C4-9920-756B25E932CB}.Debug|Any CPU.ActiveCfg = Debug|Any CPU
		{1AC072EC-909B-45C4-9920-756B25E932CB}.Debug|Any CPU.Build.0 = Debug|Any CPU
		{1AC072EC-909B-45C4-9920-756B25E932CB}.Release|Any CPU.ActiveCfg = Release|Any CPU
		{1AC072EC-909B-45C4-9920-756B25E932CB}.Release|Any CPU.Build.0 = Release|Any CPU
		{60F9BEA8-C09B-4644-BA27-C3CF4AFAE3EB}.Debug|Any CPU.ActiveCfg = Debug|Any CPU
		{60F9BEA8-C09B-4644-BA27-C3CF4AFAE3EB}.Debug|Any CPU.Build.0 = Debug|Any CPU
		{60F9BEA8-C09B-4644-BA27-C3CF4AFAE3EB}.Release|Any CPU.ActiveCfg = Release|Any CPU
		{60F9BEA8-C09B-4644-BA27-C3CF4AFAE3EB}.Release|Any CPU.Build.0 = Release|Any CPU
	EndGlobalSection
	GlobalSection(SolutionProperties) = preSolution
		HideSolutionNode = FALSE
	EndGlobalSection
	GlobalSection(ExtensibilityGlobals) = postSolution
		SolutionGuid = {4FCC9B6E-F954-4230-9699-A36E3B83CCB0}
	EndGlobalSection
EndGlobal
